{
  "object": {
    "pins": [
      {
        "package": "Alamofire",
        "repositoryURL": "https://github.com/Alamofire/Alamofire.git",
        "state": {
          "branch": null,
          "revision": "f82c23a8a7ef8dc1a49a8bfc6a96883e79121864",
          "version": "5.5.0"
        }
      },
      {
        "package": "FolksamCommon",
        "repositoryURL": "https://github.com/rashdan/FolksamCommon.git",
        "state": {
          "branch": null,
          "revision": "3d2ea5908f31b1103abeccd5661da45f979a16f2",
          "version": "0.1.1"
        }
      }
    ]
  },
  "version": 1
}
